
Microsoft Visual Studio Solution File, Format Version 12.00
# Visual Studio Version 16
VisualStudioVersion = 16.0.810.17
MinimumVisualStudioVersion = 10.0.40219.1
Project("{FAE04EC0-301F-11D3-BF4B-00C04F79EFBC}") = "PretendAssignment", "PretendAssignment\PretendAssignment.csproj", "{ED609C5D-4327-48CD-8F68-4C0E89B4B773}"
EndProject
Global
	GlobalSection(SolutionConfigurationPlatforms) = preSolution
		Debug|Any CPU = Debug|Any CPU
		Release|Any CPU = Release|Any CPU
	EndGlobalSection
	GlobalSection(ProjectConfigurationPlatforms) = postSolution
		{ED609C5D-4327-48CD-8F68-4C0E89B4B773}.Debug|Any CPU.ActiveCfg = Debug|Any CPU
		{ED609C5D-4327-48CD-8F68-4C0E89B4B773}.Debug|Any CPU.Build.0 = Debug|Any CPU
		{ED609C5D-4327-48CD-8F68-4C0E89B4B773}.Release|Any CPU.ActiveCfg = Release|Any CPU
		{ED609C5D-4327-48CD-8F68-4C0E89B4B773}.Release|Any CPU.Build.0 = Release|Any CPU
	EndGlobalSection
	GlobalSection(SolutionProperties) = preSolution
		HideSolutionNode = FALSE
	EndGlobalSection
	GlobalSection(ExtensibilityGlobals) = postSolution
		SolutionGuid = {D32E2F0E-4C38-40A8-909D-51784C9281DA}
	EndGlobalSection
EndGlobal
